
Microsoft Visual Studio Solution File, Format Version 12.00
# Visual Studio 15
VisualStudioVersion = 15.0.28307.1145
MinimumVisualStudioVersion = 10.0.40219.1
Project("{FAE04EC0-301F-11D3-BF4B-00C04F79EFBC}") = "iakademi5_proje", "iakademi5_proje\iakademi5_proje.csproj", "{A84991E9-8D58-4B4A-B801-A115E5E8D6EB}"
EndProject
Global
	GlobalSection(SolutionConfigurationPlatforms) = preSolution
		Debug|Any CPU = Debug|Any CPU
		Release|Any CPU = Release|Any CPU
	EndGlobalSection
	GlobalSection(ProjectConfigurationPlatforms) = postSolution
		{A84991E9-8D58-4B4A-B801-A115E5E8D6EB}.Debug|Any CPU.ActiveCfg = Debug|Any CPU
		{A84991E9-8D58-4B4A-B801-A115E5E8D6EB}.Debug|Any CPU.Build.0 = Debug|Any CPU
		{A84991E9-8D58-4B4A-B801-A115E5E8D6EB}.Release|Any CPU.ActiveCfg = Release|Any CPU
		{A84991E9-8D58-4B4A-B801-A115E5E8D6EB}.Release|Any CPU.Build.0 = Release|Any CPU
	EndGlobalSection
	GlobalSection(SolutionProperties) = preSolution
		HideSolutionNode = FALSE
	EndGlobalSection
	GlobalSection(ExtensibilityGlobals) = postSolution
		SolutionGuid = {321F9244-E35D-4240-8210-322C336A5793}
	EndGlobalSection
EndGlobal
